// !$*UTF8*$!
{
	archiveVersion = 1;
	classes = {
	};
	objectVersion = 48;
	objects = {

/* Begin PBXBuildFile section */
		38AD4716B4D079EA9570C48A /* Pods_Tally_MessagesExtension.framework in Frameworks */ = {isa = PBXBuildFile; fileRef = CB53CEDA4EDC16FF814C6A47 /* Pods_Tally_MessagesExtension.framework */; };
		D6F90B744DA53BFD4C8D21F8 /* Pods_Tally.framework in Frameworks */ = {isa = PBXBuildFile; fileRef = 1E2A6E47C734474E4FB8673A /* Pods_Tally.framework */; };
		F4506F25200432D600E761C4 /* Assets.xcassets in Resources */ = {isa = PBXBuildFile; fileRef = F4506F24200432D600E761C4 /* Assets.xcassets */; };
		F4506F2C200432D600E761C4 /* Tally MessagesExtension.appex in Embed App Extensions */ = {isa = PBXBuildFile; fileRef = F4506F2B200432D600E761C4 /* Tally MessagesExtension.appex */; settings = {ATTRIBUTES = (RemoveHeadersOnCopy, ); }; };
		F4506F31200432D600E761C4 /* Messages.framework in Frameworks */ = {isa = PBXBuildFile; fileRef = F4506F30200432D600E761C4 /* Messages.framework */; };
		F4506F34200432D600E761C4 /* MessagesViewController.swift in Sources */ = {isa = PBXBuildFile; fileRef = F4506F33200432D600E761C4 /* MessagesViewController.swift */; };
		F4506F37200432D600E761C4 /* MainInterface.storyboard in Resources */ = {isa = PBXBuildFile; fileRef = F4506F35200432D600E761C4 /* MainInterface.storyboard */; };
		F4506F39200432D600E761C4 /* Assets.xcassets in Resources */ = {isa = PBXBuildFile; fileRef = F4506F38200432D600E761C4 /* Assets.xcassets */; };
		F4615820200511D90032B231 /* Poll.swift in Sources */ = {isa = PBXBuildFile; fileRef = F461581F200511D90032B231 /* Poll.swift */; };
		F4ADF08420053AED00756037 /* CompactViewController.swift in Sources */ = {isa = PBXBuildFile; fileRef = F4ADF08320053AED00756037 /* CompactViewController.swift */; };
		F4ADF08620053B0C00756037 /* CreatePollViewController.swift in Sources */ = {isa = PBXBuildFile; fileRef = F4ADF08520053B0C00756037 /* CreatePollViewController.swift */; };
		F4ADF08820053B7B00756037 /* VotingViewController.swift in Sources */ = {isa = PBXBuildFile; fileRef = F4ADF08720053B7B00756037 /* VotingViewController.swift */; };
/* End PBXBuildFile section */

/* Begin PBXContainerItemProxy section */
		F4506F2D200432D600E761C4 /* PBXContainerItemProxy */ = {
			isa = PBXContainerItemProxy;
			containerPortal = F4506F1B200432D600E761C4 /* Project object */;
			proxyType = 1;
			remoteGlobalIDString = F4506F2A200432D600E761C4;
			remoteInfo = "Tally MessagesExtension";
		};
/* End PBXContainerItemProxy section */

/* Begin PBXCopyFilesBuildPhase section */
		F4506F40200432D600E761C4 /* Embed App Extensions */ = {
			isa = PBXCopyFilesBuildPhase;
			buildActionMask = 2147483647;
			dstPath = "";
			dstSubfolderSpec = 13;
			files = (
				F4506F2C200432D600E761C4 /* Tally MessagesExtension.appex in Embed App Extensions */,
			);
			name = "Embed App Extensions";
			runOnlyForDeploymentPostprocessing = 0;
		};
/* End PBXCopyFilesBuildPhase section */

/* Begin PBXFileReference section */
		0C21791254B5458FD05A981B /* Pods-Tally.release.xcconfig */ = {isa = PBXFileReference; includeInIndex = 1; lastKnownFileType = text.xcconfig; name = "Pods-Tally.release.xcconfig"; path = "Pods/Target Support Files/Pods-Tally/Pods-Tally.release.xcconfig"; sourceTree = "<group>"; };
		1E2A6E47C734474E4FB8673A /* Pods_Tally.framework */ = {isa = PBXFileReference; explicitFileType = wrapper.framework; includeInIndex = 0; path = Pods_Tally.framework; sourceTree = BUILT_PRODUCTS_DIR; };
		5BC1672DE0177B6E6015CA4F /* Pods-Tally.debug.xcconfig */ = {isa = PBXFileReference; includeInIndex = 1; lastKnownFileType = text.xcconfig; name = "Pods-Tally.debug.xcconfig"; path = "Pods/Target Support Files/Pods-Tally/Pods-Tally.debug.xcconfig"; sourceTree = "<group>"; };
		CB53CEDA4EDC16FF814C6A47 /* Pods_Tally_MessagesExtension.framework */ = {isa = PBXFileReference; explicitFileType = wrapper.framework; includeInIndex = 0; path = Pods_Tally_MessagesExtension.framework; sourceTree = BUILT_PRODUCTS_DIR; };
		EFFC8EAFEEE3156DAEF669E1 /* Pods-Tally MessagesExtension.release.xcconfig */ = {isa = PBXFileReference; includeInIndex = 1; lastKnownFileType = text.xcconfig; name = "Pods-Tally MessagesExtension.release.xcconfig"; path = "Pods/Target Support Files/Pods-Tally MessagesExtension/Pods-Tally MessagesExtension.release.xcconfig"; sourceTree = "<group>"; };
		F4506F21200432D600E761C4 /* Tally.app */ = {isa = PBXFileReference; explicitFileType = wrapper.application; includeInIndex = 0; path = Tally.app; sourceTree = BUILT_PRODUCTS_DIR; };
		F4506F24200432D600E761C4 /* Assets.xcassets */ = {isa = PBXFileReference; lastKnownFileType = folder.assetcatalog; path = Assets.xcassets; sourceTree = "<group>"; };
		F4506F26200432D600E761C4 /* Info.plist */ = {isa = PBXFileReference; lastKnownFileType = text.plist.xml; path = Info.plist; sourceTree = "<group>"; };
		F4506F2B200432D600E761C4 /* Tally MessagesExtension.appex */ = {isa = PBXFileReference; explicitFileType = "wrapper.app-extension"; includeInIndex = 0; path = "Tally MessagesExtension.appex"; sourceTree = BUILT_PRODUCTS_DIR; };
		F4506F30200432D600E761C4 /* Messages.framework */ = {isa = PBXFileReference; lastKnownFileType = wrapper.framework; name = Messages.framework; path = System/Library/Frameworks/Messages.framework; sourceTree = SDKROOT; };
		F4506F33200432D600E761C4 /* MessagesViewController.swift */ = {isa = PBXFileReference; lastKnownFileType = sourcecode.swift; path = MessagesViewController.swift; sourceTree = "<group>"; };
		F4506F36200432D600E761C4 /* Base */ = {isa = PBXFileReference; lastKnownFileType = file.storyboard; name = Base; path = Base.lproj/MainInterface.storyboard; sourceTree = "<group>"; };
		F4506F38200432D600E761C4 /* Assets.xcassets */ = {isa = PBXFileReference; lastKnownFileType = folder.assetcatalog; path = Assets.xcassets; sourceTree = "<group>"; };
		F4506F3A200432D600E761C4 /* Info.plist */ = {isa = PBXFileReference; lastKnownFileType = text.plist.xml; path = Info.plist; sourceTree = "<group>"; };
		F461581E200511D90032B231 /* Tally-Bridging-Header.h */ = {isa = PBXFileReference; lastKnownFileType = sourcecode.c.h; path = "Tally-Bridging-Header.h"; sourceTree = "<group>"; };
		F461581F200511D90032B231 /* Poll.swift */ = {isa = PBXFileReference; lastKnownFileType = sourcecode.swift; path = Poll.swift; sourceTree = "<group>"; };
		F4ADF08320053AED00756037 /* CompactViewController.swift */ = {isa = PBXFileReference; lastKnownFileType = sourcecode.swift; path = CompactViewController.swift; sourceTree = "<group>"; };
		F4ADF08520053B0C00756037 /* CreatePollViewController.swift */ = {isa = PBXFileReference; lastKnownFileType = sourcecode.swift; path = CreatePollViewController.swift; sourceTree = "<group>"; };
		F4ADF08720053B7B00756037 /* VotingViewController.swift */ = {isa = PBXFileReference; lastKnownFileType = sourcecode.swift; path = VotingViewController.swift; sourceTree = "<group>"; };
		FDDC636864AADC71DFDB12F6 /* Pods-Tally MessagesExtension.debug.xcconfig */ = {isa = PBXFileReference; includeInIndex = 1; lastKnownFileType = text.xcconfig; name = "Pods-Tally MessagesExtension.debug.xcconfig"; path = "Pods/Target Support Files/Pods-Tally MessagesExtension/Pods-Tally MessagesExtension.debug.xcconfig"; sourceTree = "<group>"; };
/* End PBXFileReference section */

/* Begin PBXFrameworksBuildPhase section */
		546ED93F4F5F8624F34FC188 /* Frameworks */ = {
			isa = PBXFrameworksBuildPhase;
			buildActionMask = 2147483647;
			files = (
				D6F90B744DA53BFD4C8D21F8 /* Pods_Tally.framework in Frameworks */,
			);
			runOnlyForDeploymentPostprocessing = 0;
		};
		F4506F28200432D600E761C4 /* Frameworks */ = {
			isa = PBXFrameworksBuildPhase;
			buildActionMask = 2147483647;
			files = (
				F4506F31200432D600E761C4 /* Messages.framework in Frameworks */,
				38AD4716B4D079EA9570C48A /* Pods_Tally_MessagesExtension.framework in Frameworks */,
			);
			runOnlyForDeploymentPostprocessing = 0;
		};
/* End PBXFrameworksBuildPhase section */

/* Begin PBXGroup section */
		7891D43BC71C090B982B5359 /* Pods */ = {
			isa = PBXGroup;
			children = (
				5BC1672DE0177B6E6015CA4F /* Pods-Tally.debug.xcconfig */,
				0C21791254B5458FD05A981B /* Pods-Tally.release.xcconfig */,
				FDDC636864AADC71DFDB12F6 /* Pods-Tally MessagesExtension.debug.xcconfig */,
				EFFC8EAFEEE3156DAEF669E1 /* Pods-Tally MessagesExtension.release.xcconfig */,
			);
			name = Pods;
			sourceTree = "<group>";
		};
		F4506F1A200432D600E761C4 = {
			isa = PBXGroup;
			children = (
				F4506F23200432D600E761C4 /* Tally */,
				F4506F32200432D600E761C4 /* Tally MessagesExtension */,
				F4506F2F200432D600E761C4 /* Frameworks */,
				F4506F22200432D600E761C4 /* Products */,
				7891D43BC71C090B982B5359 /* Pods */,
			);
			sourceTree = "<group>";
		};
		F4506F22200432D600E761C4 /* Products */ = {
			isa = PBXGroup;
			children = (
				F4506F21200432D600E761C4 /* Tally.app */,
				F4506F2B200432D600E761C4 /* Tally MessagesExtension.appex */,
			);
			name = Products;
			sourceTree = "<group>";
		};
		F4506F23200432D600E761C4 /* Tally */ = {
			isa = PBXGroup;
			children = (
				F4506F24200432D600E761C4 /* Assets.xcassets */,
				F4506F26200432D600E761C4 /* Info.plist */,
			);
			path = Tally;
			sourceTree = "<group>";
		};
		F4506F2F200432D600E761C4 /* Frameworks */ = {
			isa = PBXGroup;
			children = (
				F4506F30200432D600E761C4 /* Messages.framework */,
				1E2A6E47C734474E4FB8673A /* Pods_Tally.framework */,
				CB53CEDA4EDC16FF814C6A47 /* Pods_Tally_MessagesExtension.framework */,
			);
			name = Frameworks;
			sourceTree = "<group>";
		};
		F4506F32200432D600E761C4 /* Tally MessagesExtension */ = {
			isa = PBXGroup;
			children = (
				F461581B20050EBC0032B231 /* Model */,
				F461581C20050ECD0032B231 /* View */,
				F461581D20050ED70032B231 /* Controller */,
				F4506F38200432D600E761C4 /* Assets.xcassets */,
				F4506F3A200432D600E761C4 /* Info.plist */,
			);
			path = "Tally MessagesExtension";
			sourceTree = "<group>";
		};
		F461581B20050EBC0032B231 /* Model */ = {
			isa = PBXGroup;
			children = (
				F461581F200511D90032B231 /* Poll.swift */,
				F461581E200511D90032B231 /* Tally-Bridging-Header.h */,
			);
			path = Model;
			sourceTree = "<group>";
		};
		F461581C20050ECD0032B231 /* View */ = {
			isa = PBXGroup;
			children = (
				F4506F35200432D600E761C4 /* MainInterface.storyboard */,
			);
			path = View;
			sourceTree = "<group>";
		};
		F461581D20050ED70032B231 /* Controller */ = {
			isa = PBXGroup;
			children = (
				F4506F33200432D600E761C4 /* MessagesViewController.swift */,
				F4ADF08320053AED00756037 /* CompactViewController.swift */,
				F4ADF08520053B0C00756037 /* CreatePollViewController.swift */,
				F4ADF08720053B7B00756037 /* VotingViewController.swift */,
			);
			path = Controller;
			sourceTree = "<group>";
		};
/* End PBXGroup section */

/* Begin PBXNativeTarget section */
		F4506F20200432D600E761C4 /* Tally */ = {
			isa = PBXNativeTarget;
			buildConfigurationList = F4506F41200432D600E761C4 /* Build configuration list for PBXNativeTarget "Tally" */;
			buildPhases = (
				D74154EE3309BB92DB514A6E /* [CP] Check Pods Manifest.lock */,
				F4506F1F200432D600E761C4 /* Resources */,
				F4506F40200432D600E761C4 /* Embed App Extensions */,
				546ED93F4F5F8624F34FC188 /* Frameworks */,
				E5ED232498AB723F5AFB7DF7 /* [CP] Embed Pods Frameworks */,
				5972DBF20E7E9490434E777B /* [CP] Copy Pods Resources */,
			);
			buildRules = (
			);
			dependencies = (
				F4506F2E200432D600E761C4 /* PBXTargetDependency */,
			);
			name = Tally;
			productName = Tally;
			productReference = F4506F21200432D600E761C4 /* Tally.app */;
			productType = "com.apple.product-type.application.messages";
		};
		F4506F2A200432D600E761C4 /* Tally MessagesExtension */ = {
			isa = PBXNativeTarget;
			buildConfigurationList = F4506F3D200432D600E761C4 /* Build configuration list for PBXNativeTarget "Tally MessagesExtension" */;
			buildPhases = (
				C7B07866B73558F74081D572 /* [CP] Check Pods Manifest.lock */,
				F4506F27200432D600E761C4 /* Sources */,
				F4506F28200432D600E761C4 /* Frameworks */,
				F4506F29200432D600E761C4 /* Resources */,
				A089C010D5FA1C9C386D7849 /* [CP] Copy Pods Resources */,
			);
			buildRules = (
			);
			dependencies = (
			);
			name = "Tally MessagesExtension";
			productName = "Tally MessagesExtension";
			productReference = F4506F2B200432D600E761C4 /* Tally MessagesExtension.appex */;
			productType = "com.apple.product-type.app-extension.messages";
		};
/* End PBXNativeTarget section */

/* Begin PBXProject section */
		F4506F1B200432D600E761C4 /* Project object */ = {
			isa = PBXProject;
			attributes = {
				LastSwiftUpdateCheck = 0920;
				LastUpgradeCheck = 0920;
				ORGANIZATIONNAME = "G62-Jonny Hork";
				TargetAttributes = {
					F4506F20200432D600E761C4 = {
						CreatedOnToolsVersion = 9.2;
						LastSwiftMigration = 0920;
						ProvisioningStyle = Automatic;
					};
					F4506F2A200432D600E761C4 = {
						CreatedOnToolsVersion = 9.2;
						ProvisioningStyle = Automatic;
					};
				};
			};
			buildConfigurationList = F4506F1E200432D600E761C4 /* Build configuration list for PBXProject "Tally" */;
			compatibilityVersion = "Xcode 8.0";
			developmentRegion = en;
			hasScannedForEncodings = 0;
			knownRegions = (
				en,
				Base,
			);
			mainGroup = F4506F1A200432D600E761C4;
			productRefGroup = F4506F22200432D600E761C4 /* Products */;
			projectDirPath = "";
			projectRoot = "";
			targets = (
				F4506F20200432D600E761C4 /* Tally */,
				F4506F2A200432D600E761C4 /* Tally MessagesExtension */,
			);
		};
/* End PBXProject section */

/* Begin PBXResourcesBuildPhase section */
		F4506F1F200432D600E761C4 /* Resources */ = {
			isa = PBXResourcesBuildPhase;
			buildActionMask = 2147483647;
			files = (
				F4506F25200432D600E761C4 /* Assets.xcassets in Resources */,
			);
			runOnlyForDeploymentPostprocessing = 0;
		};
		F4506F29200432D600E761C4 /* Resources */ = {
			isa = PBXResourcesBuildPhase;
			buildActionMask = 2147483647;
			files = (
				F4506F39200432D600E761C4 /* Assets.xcassets in Resources */,
				F4506F37200432D600E761C4 /* MainInterface.storyboard in Resources */,
			);
			runOnlyForDeploymentPostprocessing = 0;
		};
/* End PBXResourcesBuildPhase section */

/* Begin PBXShellScriptBuildPhase section */
		5972DBF20E7E9490434E777B /* [CP] Copy Pods Resources */ = {
			isa = PBXShellScriptBuildPhase;
			buildActionMask = 2147483647;
			files = (
			);
			inputPaths = (
			);
			name = "[CP] Copy Pods Resources";
			outputPaths = (
			);
			runOnlyForDeploymentPostprocessing = 0;
			shellPath = /bin/sh;
			shellScript = "\"${SRCROOT}/Pods/Target Support Files/Pods-Tally/Pods-Tally-resources.sh\"\n";
			showEnvVarsInLog = 0;
		};
		A089C010D5FA1C9C386D7849 /* [CP] Copy Pods Resources */ = {
			isa = PBXShellScriptBuildPhase;
			buildActionMask = 2147483647;
			files = (
			);
			inputPaths = (
			);
			name = "[CP] Copy Pods Resources";
			outputPaths = (
			);
			runOnlyForDeploymentPostprocessing = 0;
			shellPath = /bin/sh;
			shellScript = "\"${SRCROOT}/Pods/Target Support Files/Pods-Tally MessagesExtension/Pods-Tally MessagesExtension-resources.sh\"\n";
			showEnvVarsInLog = 0;
		};
		C7B07866B73558F74081D572 /* [CP] Check Pods Manifest.lock */ = {
			isa = PBXShellScriptBuildPhase;
			buildActionMask = 2147483647;
			files = (
			);
			inputPaths = (
				"${PODS_PODFILE_DIR_PATH}/Podfile.lock",
				"${PODS_ROOT}/Manifest.lock",
			);
			name = "[CP] Check Pods Manifest.lock";
			outputPaths = (
				"$(DERIVED_FILE_DIR)/Pods-Tally MessagesExtension-checkManifestLockResult.txt",
			);
			runOnlyForDeploymentPostprocessing = 0;
			shellPath = /bin/sh;
			shellScript = "diff \"${PODS_PODFILE_DIR_PATH}/Podfile.lock\" \"${PODS_ROOT}/Manifest.lock\" > /dev/null\nif [ $? != 0 ] ; then\n    # print error to STDERR\n    echo \"error: The sandbox is not in sync with the Podfile.lock. Run 'pod install' or update your CocoaPods installation.\" >&2\n    exit 1\nfi\n# This output is used by Xcode 'outputs' to avoid re-running this script phase.\necho \"SUCCESS\" > \"${SCRIPT_OUTPUT_FILE_0}\"\n";
			showEnvVarsInLog = 0;
		};
		D74154EE3309BB92DB514A6E /* [CP] Check Pods Manifest.lock */ = {
			isa = PBXShellScriptBuildPhase;
			buildActionMask = 2147483647;
			files = (
			);
			inputPaths = (
				"${PODS_PODFILE_DIR_PATH}/Podfile.lock",
				"${PODS_ROOT}/Manifest.lock",
			);
			name = "[CP] Check Pods Manifest.lock";
			outputPaths = (
				"$(DERIVED_FILE_DIR)/Pods-Tally-checkManifestLockResult.txt",
			);
			runOnlyForDeploymentPostprocessing = 0;
			shellPath = /bin/sh;
			shellScript = "diff \"${PODS_PODFILE_DIR_PATH}/Podfile.lock\" \"${PODS_ROOT}/Manifest.lock\" > /dev/null\nif [ $? != 0 ] ; then\n    # print error to STDERR\n    echo \"error: The sandbox is not in sync with the Podfile.lock. Run 'pod install' or update your CocoaPods installation.\" >&2\n    exit 1\nfi\n# This output is used by Xcode 'outputs' to avoid re-running this script phase.\necho \"SUCCESS\" > \"${SCRIPT_OUTPUT_FILE_0}\"\n";
			showEnvVarsInLog = 0;
		};
		E5ED232498AB723F5AFB7DF7 /* [CP] Embed Pods Frameworks */ = {
			isa = PBXShellScriptBuildPhase;
			buildActionMask = 2147483647;
			files = (
			);
			inputPaths = (
				"${SRCROOT}/Pods/Target Support Files/Pods-Tally/Pods-Tally-frameworks.sh",
				"${BUILT_PRODUCTS_DIR}/ChameleonFramework/ChameleonFramework.framework",
				"${BUILT_PRODUCTS_DIR}/Charts/Charts.framework",
			);
			name = "[CP] Embed Pods Frameworks";
			outputPaths = (
				"${TARGET_BUILD_DIR}/${FRAMEWORKS_FOLDER_PATH}/ChameleonFramework.framework",
				"${TARGET_BUILD_DIR}/${FRAMEWORKS_FOLDER_PATH}/Charts.framework",
			);
			runOnlyForDeploymentPostprocessing = 0;
			shellPath = /bin/sh;
			shellScript = "\"${SRCROOT}/Pods/Target Support Files/Pods-Tally/Pods-Tally-frameworks.sh\"\n";
			showEnvVarsInLog = 0;
		};
/* End PBXShellScriptBuildPhase section */

/* Begin PBXSourcesBuildPhase section */
		F4506F27200432D600E761C4 /* Sources */ = {
			isa = PBXSourcesBuildPhase;
			buildActionMask = 2147483647;
			files = (
				F4ADF08420053AED00756037 /* CompactViewController.swift in Sources */,
				F4615820200511D90032B231 /* Poll.swift in Sources */,
				F4506F34200432D600E761C4 /* MessagesViewController.swift in Sources */,
				F4ADF08620053B0C00756037 /* CreatePollViewController.swift in Sources */,
				F4ADF08820053B7B00756037 /* VotingViewController.swift in Sources */,
			);
			runOnlyForDeploymentPostprocessing = 0;
		};
/* End PBXSourcesBuildPhase section */

/* Begin PBXTargetDependency section */
		F4506F2E200432D600E761C4 /* PBXTargetDependency */ = {
			isa = PBXTargetDependency;
			target = F4506F2A200432D600E761C4 /* Tally MessagesExtension */;
			targetProxy = F4506F2D200432D600E761C4 /* PBXContainerItemProxy */;
		};
/* End PBXTargetDependency section */

/* Begin PBXVariantGroup section */
		F4506F35200432D600E761C4 /* MainInterface.storyboard */ = {
			isa = PBXVariantGroup;
			children = (
				F4506F36200432D600E761C4 /* Base */,
			);
			name = MainInterface.storyboard;
			sourceTree = "<group>";
		};
/* End PBXVariantGroup section */

/* Begin XCBuildConfiguration section */
		F4506F3B200432D600E761C4 /* Debug */ = {
			isa = XCBuildConfiguration;
			baseConfigurationReference = FDDC636864AADC71DFDB12F6 /* Pods-Tally MessagesExtension.debug.xcconfig */;
			buildSettings = {
				ALWAYS_SEARCH_USER_PATHS = NO;
				CLANG_ANALYZER_NONNULL = YES;
				CLANG_ANALYZER_NUMBER_OBJECT_CONVERSION = YES_AGGRESSIVE;
				CLANG_CXX_LANGUAGE_STANDARD = "gnu++14";
				CLANG_CXX_LIBRARY = "libc++";
				CLANG_ENABLE_MODULES = YES;
				CLANG_ENABLE_OBJC_ARC = YES;
				CLANG_WARN_BLOCK_CAPTURE_AUTORELEASING = YES;
				CLANG_WARN_BOOL_CONVERSION = YES;
				CLANG_WARN_COMMA = YES;
				CLANG_WARN_CONSTANT_CONVERSION = YES;
				CLANG_WARN_DIRECT_OBJC_ISA_USAGE = YES_ERROR;
				CLANG_WARN_DOCUMENTATION_COMMENTS = YES;
				CLANG_WARN_EMPTY_BODY = YES;
				CLANG_WARN_ENUM_CONVERSION = YES;
				CLANG_WARN_INFINITE_RECURSION = YES;
				CLANG_WARN_INT_CONVERSION = YES;
				CLANG_WARN_NON_LITERAL_NULL_CONVERSION = YES;
				CLANG_WARN_OBJC_LITERAL_CONVERSION = YES;
				CLANG_WARN_OBJC_ROOT_CLASS = YES_ERROR;
				CLANG_WARN_RANGE_LOOP_ANALYSIS = YES;
				CLANG_WARN_STRICT_PROTOTYPES = YES;
				CLANG_WARN_SUSPICIOUS_MOVE = YES;
				CLANG_WARN_UNGUARDED_AVAILABILITY = YES_AGGRESSIVE;
				CLANG_WARN_UNREACHABLE_CODE = YES;
				CLANG_WARN__DUPLICATE_METHOD_MATCH = YES;
				CODE_SIGN_IDENTITY = "iPhone Developer";
				COPY_PHASE_STRIP = NO;
				DEBUG_INFORMATION_FORMAT = dwarf;
				ENABLE_STRICT_OBJC_MSGSEND = YES;
				ENABLE_TESTABILITY = YES;
				GCC_C_LANGUAGE_STANDARD = gnu11;
				GCC_DYNAMIC_NO_PIC = NO;
				GCC_NO_COMMON_BLOCKS = YES;
				GCC_OPTIMIZATION_LEVEL = 0;
				GCC_PREPROCESSOR_DEFINITIONS = (
					"DEBUG=1",
					"$(inherited)",
				);
				GCC_WARN_64_TO_32_BIT_CONVERSION = YES;
				GCC_WARN_ABOUT_RETURN_TYPE = YES_ERROR;
				GCC_WARN_UNDECLARED_SELECTOR = YES;
				GCC_WARN_UNINITIALIZED_AUTOS = YES_AGGRESSIVE;
				GCC_WARN_UNUSED_FUNCTION = YES;
				GCC_WARN_UNUSED_VARIABLE = YES;
				IPHONEOS_DEPLOYMENT_TARGET = 11.2;
				MTL_ENABLE_DEBUG_INFO = YES;
				ONLY_ACTIVE_ARCH = YES;
				SDKROOT = iphoneos;
				SWIFT_ACTIVE_COMPILATION_CONDITIONS = DEBUG;
				SWIFT_OPTIMIZATION_LEVEL = "-Onone";
			};
			name = Debug;
		};
		F4506F3C200432D600E761C4 /* Release */ = {
			isa = XCBuildConfiguration;
			baseConfigurationReference = EFFC8EAFEEE3156DAEF669E1 /* Pods-Tally MessagesExtension.release.xcconfig */;
			buildSettings = {
				ALWAYS_SEARCH_USER_PATHS = NO;
				CLANG_ANALYZER_NONNULL = YES;
				CLANG_ANALYZER_NUMBER_OBJECT_CONVERSION = YES_AGGRESSIVE;
				CLANG_CXX_LANGUAGE_STANDARD = "gnu++14";
				CLANG_CXX_LIBRARY = "libc++";
				CLANG_ENABLE_MODULES = YES;
				CLANG_ENABLE_OBJC_ARC = YES;
				CLANG_WARN_BLOCK_CAPTURE_AUTORELEASING = YES;
				CLANG_WARN_BOOL_CONVERSION = YES;
				CLANG_WARN_COMMA = YES;
				CLANG_WARN_CONSTANT_CONVERSION = YES;
				CLANG_WARN_DIRECT_OBJC_ISA_USAGE = YES_ERROR;
				CLANG_WARN_DOCUMENTATION_COMMENTS = YES;
				CLANG_WARN_EMPTY_BODY = YES;
				CLANG_WARN_ENUM_CONVERSION = YES;
				CLANG_WARN_INFINITE_RECURSION = YES;
				CLANG_WARN_INT_CONVERSION = YES;
				CLANG_WARN_NON_LITERAL_NULL_CONVERSION = YES;
				CLANG_WARN_OBJC_LITERAL_CONVERSION = YES;
				CLANG_WARN_OBJC_ROOT_CLASS = YES_ERROR;
				CLANG_WARN_RANGE_LOOP_ANALYSIS = YES;
				CLANG_WARN_STRICT_PROTOTYPES = YES;
				CLANG_WARN_SUSPICIOUS_MOVE = YES;
				CLANG_WARN_UNGUARDED_AVAILABILITY = YES_AGGRESSIVE;
				CLANG_WARN_UNREACHABLE_CODE = YES;
				CLANG_WARN__DUPLICATE_METHOD_MATCH = YES;
				CODE_SIGN_IDENTITY = "iPhone Developer";
				COPY_PHASE_STRIP = NO;
				DEBUG_INFORMATION_FORMAT = "dwarf-with-dsym";
				ENABLE_NS_ASSERTIONS = NO;
				ENABLE_STRICT_OBJC_MSGSEND = YES;
				GCC_C_LANGUAGE_STANDARD = gnu11;
				GCC_NO_COMMON_BLOCKS = YES;
				GCC_WARN_64_TO_32_BIT_CONVERSION = YES;
				GCC_WARN_ABOUT_RETURN_TYPE = YES_ERROR;
				GCC_WARN_UNDECLARED_SELECTOR = YES;
				GCC_WARN_UNINITIALIZED_AUTOS = YES_AGGRESSIVE;
				GCC_WARN_UNUSED_FUNCTION = YES;
				GCC_WARN_UNUSED_VARIABLE = YES;
				IPHONEOS_DEPLOYMENT_TARGET = 11.2;
				MTL_ENABLE_DEBUG_INFO = NO;
				SDKROOT = iphoneos;
				SWIFT_OPTIMIZATION_LEVEL = "-Owholemodule";
				VALIDATE_PRODUCT = YES;
			};
			name = Release;
		};
		F4506F3E200432D600E761C4 /* Debug */ = {
			isa = XCBuildConfiguration;
			baseConfigurationReference = FDDC636864AADC71DFDB12F6 /* Pods-Tally MessagesExtension.debug.xcconfig */;
			buildSettings = {
				ASSETCATALOG_COMPILER_APPICON_NAME = "iMessage App Icon";
				CODE_SIGN_STYLE = Automatic;
				DEVELOPMENT_TEAM = 3S3FH4TEL9;
				INFOPLIST_FILE = "Tally MessagesExtension/Info.plist";
				LD_RUNPATH_SEARCH_PATHS = "$(inherited) @executable_path/Frameworks @executable_path/../../Frameworks";
				PRODUCT_BUNDLE_IDENTIFIER = com.JonnyHork.Tally.MessagesExtension;
				PRODUCT_NAME = "$(TARGET_NAME)";
				SKIP_INSTALL = YES;
				SWIFT_VERSION = 4.0;
				TARGETED_DEVICE_FAMILY = "1,2";
			};
			name = Debug;
		};
		F4506F3F200432D600E761C4 /* Release */ = {
			isa = XCBuildConfiguration;
			baseConfigurationReference = EFFC8EAFEEE3156DAEF669E1 /* Pods-Tally MessagesExtension.release.xcconfig */;
			buildSettings = {
				ASSETCATALOG_COMPILER_APPICON_NAME = "iMessage App Icon";
				CODE_SIGN_STYLE = Automatic;
				DEVELOPMENT_TEAM = 3S3FH4TEL9;
				INFOPLIST_FILE = "Tally MessagesExtension/Info.plist";
				LD_RUNPATH_SEARCH_PATHS = "$(inherited) @executable_path/Frameworks @executable_path/../../Frameworks";
				PRODUCT_BUNDLE_IDENTIFIER = com.JonnyHork.Tally.MessagesExtension;
				PRODUCT_NAME = "$(TARGET_NAME)";
				SKIP_INSTALL = YES;
				SWIFT_VERSION = 4.0;
				TARGETED_DEVICE_FAMILY = "1,2";
			};
			name = Release;
		};
		F4506F42200432D600E761C4 /* Debug */ = {
			isa = XCBuildConfiguration;
			baseConfigurationReference = 5BC1672DE0177B6E6015CA4F /* Pods-Tally.debug.xcconfig */;
			buildSettings = {
				ALWAYS_EMBED_SWIFT_STANDARD_LIBRARIES = YES;
				ASSETCATALOG_COMPILER_APPICON_NAME = AppIcon;
				CLANG_ENABLE_MODULES = YES;
				CODE_SIGN_STYLE = Automatic;
				DEVELOPMENT_TEAM = 3S3FH4TEL9;
				INFOPLIST_FILE = Tally/Info.plist;
				LD_RUNPATH_SEARCH_PATHS = "$(inherited) @executable_path/Frameworks @loader_path/Frameworks";
				PRODUCT_BUNDLE_IDENTIFIER = com.JonnyHork.Tally;
				PRODUCT_NAME = "$(TARGET_NAME)";
				SWIFT_OBJC_BRIDGING_HEADER = "Tally MessagesExtension/Model/Tally-Bridging-Header.h";
				SWIFT_OPTIMIZATION_LEVEL = "-Onone";
				SWIFT_VERSION = 4.0;
				TARGETED_DEVICE_FAMILY = "1,2";
			};
			name = Debug;
		};
		F4506F43200432D600E761C4 /* Release */ = {
			isa = XCBuildConfiguration;
			baseConfigurationReference = 0C21791254B5458FD05A981B /* Pods-Tally.release.xcconfig */;
			buildSettings = {
				ALWAYS_EMBED_SWIFT_STANDARD_LIBRARIES = YES;
				ASSETCATALOG_COMPILER_APPICON_NAME = AppIcon;
				CLANG_ENABLE_MODULES = YES;
				CODE_SIGN_STYLE = Automatic;
				DEVELOPMENT_TEAM = 3S3FH4TEL9;
				INFOPLIST_FILE = Tally/Info.plist;
				LD_RUNPATH_SEARCH_PATHS = "$(inherited) @executable_path/Frameworks @loader_path/Frameworks";
				PRODUCT_BUNDLE_IDENTIFIER = com.JonnyHork.Tally;
				PRODUCT_NAME = "$(TARGET_NAME)";
				SWIFT_OBJC_BRIDGING_HEADER = "Tally MessagesExtension/Model/Tally-Bridging-Header.h";
				SWIFT_VERSION = 4.0;
				TARGETED_DEVICE_FAMILY = "1,2";
			};
			name = Release;
		};
/* End XCBuildConfiguration section */

/* Begin XCConfigurationList section */
		F4506F1E200432D600E761C4 /* Build configuration list for PBXProject "Tally" */ = {
			isa = XCConfigurationList;
			buildConfigurations = (
				F4506F3B200432D600E761C4 /* Debug */,
				F4506F3C200432D600E761C4 /* Release */,
			);
			defaultConfigurationIsVisible = 0;
			defaultConfigurationName = Release;
		};
		F4506F3D200432D600E761C4 /* Build configuration list for PBXNativeTarget "Tally MessagesExtension" */ = {
			isa = XCConfigurationList;
			buildConfigurations = (
				F4506F3E200432D600E761C4 /* Debug */,
				F4506F3F200432D600E761C4 /* Release */,
			);
			defaultConfigurationIsVisible = 0;
			defaultConfigurationName = Release;
		};
		F4506F41200432D600E761C4 /* Build configuration list for PBXNativeTarget "Tally" */ = {
			isa = XCConfigurationList;
			buildConfigurations = (
				F4506F42200432D600E761C4 /* Debug */,
				F4506F43200432D600E761C4 /* Release */,
			);
			defaultConfigurationIsVisible = 0;
			defaultConfigurationName = Release;
		};
/* End XCConfigurationList section */
	};
	rootObject = F4506F1B200432D600E761C4 /* Project object */;
}
